
Microsoft Visual Studio Solution File, Format Version 11.00
# Visual Studio 2010
Project("{FAE04EC0-301F-11D3-BF4B-00C04F79EFBC}") = "Othello.Game", "Othello.Game\Othello.Game\Othello.Game.csproj", "{AEBD4A98-51EA-47D6-BC42-22D6D5BD48C7}"
EndProject
Project("{96E2B04D-8817-42C6-938A-82C39BA4D311}") = "Othello.GameContent", "Othello.Game\Othello.GameContent\Othello.GameContent.contentproj", "{8E36E592-D486-4AB2-AB7D-738A41DD1EA2}"
EndProject
Global
	GlobalSection(SolutionConfigurationPlatforms) = preSolution
		Debug|x86 = Debug|x86
		Release|x86 = Release|x86
	EndGlobalSection
	GlobalSection(ProjectConfigurationPlatforms) = postSolution
		{AEBD4A98-51EA-47D6-BC42-22D6D5BD48C7}.Debug|x86.ActiveCfg = Debug|x86
		{AEBD4A98-51EA-47D6-BC42-22D6D5BD48C7}.Debug|x86.Build.0 = Debug|x86
		{AEBD4A98-51EA-47D6-BC42-22D6D5BD48C7}.Release|x86.ActiveCfg = Release|x86
		{AEBD4A98-51EA-47D6-BC42-22D6D5BD48C7}.Release|x86.Build.0 = Release|x86
		{8E36E592-D486-4AB2-AB7D-738A41DD1EA2}.Debug|x86.ActiveCfg = Debug|x86
		{8E36E592-D486-4AB2-AB7D-738A41DD1EA2}.Release|x86.ActiveCfg = Release|x86
	EndGlobalSection
	GlobalSection(SolutionProperties) = preSolution
		HideSolutionNode = FALSE
	EndGlobalSection
EndGlobal
